// !$*UTF8*$!
{
	archiveVersion = 1;
	classes = {
	};
	objectVersion = 46;
	objects = {

/* Begin PBXBuildFile section */
		F91485F51DDFD61800D4BC78 /* SelectGenreViewController.swift in Sources */ = {isa = PBXBuildFile; fileRef = F91485F41DDFD61800D4BC78 /* SelectGenreViewController.swift */; };
		F9752D1D1DE0C3BC002EEF10 /* AddCommentsViewController.swift in Sources */ = {isa = PBXBuildFile; fileRef = F9752D1C1DE0C3BC002EEF10 /* AddCommentsViewController.swift */; };
		F9752D1F1DE0C4ED002EEF10 /* SubmitViewController.swift in Sources */ = {isa = PBXBuildFile; fileRef = F9752D1E1DE0C4ED002EEF10 /* SubmitViewController.swift */; };
		F9752D231DE0C671002EEF10 /* CloudKit.framework in Frameworks */ = {isa = PBXBuildFile; fileRef = F9752D221DE0C671002EEF10 /* CloudKit.framework */; };
		F99E5D1D1DE0D5E80082A28E /* Whistle.swift in Sources */ = {isa = PBXBuildFile; fileRef = F99E5D1C1DE0D5E80082A28E /* Whistle.swift */; };
		F9C75CAC1DDF4393005A4BBE /* AppDelegate.swift in Sources */ = {isa = PBXBuildFile; fileRef = F9C75CAB1DDF4393005A4BBE /* AppDelegate.swift */; };
		F9C75CAE1DDF4393005A4BBE /* ViewController.swift in Sources */ = {isa = PBXBuildFile; fileRef = F9C75CAD1DDF4393005A4BBE /* ViewController.swift */; };
		F9C75CB11DDF4393005A4BBE /* Main.storyboard in Resources */ = {isa = PBXBuildFile; fileRef = F9C75CAF1DDF4393005A4BBE /* Main.storyboard */; };
		F9C75CB31DDF4393005A4BBE /* Assets.xcassets in Resources */ = {isa = PBXBuildFile; fileRef = F9C75CB21DDF4393005A4BBE /* Assets.xcassets */; };
		F9C75CB61DDF4393005A4BBE /* LaunchScreen.storyboard in Resources */ = {isa = PBXBuildFile; fileRef = F9C75CB41DDF4393005A4BBE /* LaunchScreen.storyboard */; };
		F9C75CBE1DDF4493005A4BBE /* RecordWhistleViewController.swift in Sources */ = {isa = PBXBuildFile; fileRef = F9C75CBD1DDF4493005A4BBE /* RecordWhistleViewController.swift */; };
		F9FAB4821DE1FBD40065D332 /* ResultsViewController.swift in Sources */ = {isa = PBXBuildFile; fileRef = F9FAB4811DE1FBD40065D332 /* ResultsViewController.swift */; };
		F9FAB4841DE2290C0065D332 /* MyGenresViewController.swift in Sources */ = {isa = PBXBuildFile; fileRef = F9FAB4831DE2290C0065D332 /* MyGenresViewController.swift */; };
/* End PBXBuildFile section */

/* Begin PBXFileReference section */
		F91485F41DDFD61800D4BC78 /* SelectGenreViewController.swift */ = {isa = PBXFileReference; fileEncoding = 4; lastKnownFileType = sourcecode.swift; name = SelectGenreViewController.swift; path = "guess-the-tune/SelectGenreViewController.swift"; sourceTree = "<group>"; };
		F9752D1C1DE0C3BC002EEF10 /* AddCommentsViewController.swift */ = {isa = PBXFileReference; fileEncoding = 4; lastKnownFileType = sourcecode.swift; path = AddCommentsViewController.swift; sourceTree = "<group>"; };
		F9752D1E1DE0C4ED002EEF10 /* SubmitViewController.swift */ = {isa = PBXFileReference; fileEncoding = 4; lastKnownFileType = sourcecode.swift; path = SubmitViewController.swift; sourceTree = "<group>"; };
		F9752D201DE0C660002EEF10 /* guess-the-tune.entitlements */ = {isa = PBXFileReference; lastKnownFileType = text.plist.entitlements; path = "guess-the-tune.entitlements"; sourceTree = "<group>"; };
		F9752D221DE0C671002EEF10 /* CloudKit.framework */ = {isa = PBXFileReference; lastKnownFileType = wrapper.framework; name = CloudKit.framework; path = System/Library/Frameworks/CloudKit.framework; sourceTree = SDKROOT; };
		F99E5D1C1DE0D5E80082A28E /* Whistle.swift */ = {isa = PBXFileReference; fileEncoding = 4; lastKnownFileType = sourcecode.swift; path = Whistle.swift; sourceTree = "<group>"; };
		F9C75CA81DDF4393005A4BBE /* guess-the-tune.app */ = {isa = PBXFileReference; explicitFileType = wrapper.application; includeInIndex = 0; path = "guess-the-tune.app"; sourceTree = BUILT_PRODUCTS_DIR; };
		F9C75CAB1DDF4393005A4BBE /* AppDelegate.swift */ = {isa = PBXFileReference; lastKnownFileType = sourcecode.swift; path = AppDelegate.swift; sourceTree = "<group>"; };
		F9C75CAD1DDF4393005A4BBE /* ViewController.swift */ = {isa = PBXFileReference; lastKnownFileType = sourcecode.swift; path = ViewController.swift; sourceTree = "<group>"; };
		F9C75CB01DDF4393005A4BBE /* Base */ = {isa = PBXFileReference; lastKnownFileType = file.storyboard; name = Base; path = Base.lproj/Main.storyboard; sourceTree = "<group>"; };
		F9C75CB21DDF4393005A4BBE /* Assets.xcassets */ = {isa = PBXFileReference; lastKnownFileType = folder.assetcatalog; path = Assets.xcassets; sourceTree = "<group>"; };
		F9C75CB51DDF4393005A4BBE /* Base */ = {isa = PBXFileReference; lastKnownFileType = file.storyboard; name = Base; path = Base.lproj/LaunchScreen.storyboard; sourceTree = "<group>"; };
		F9C75CB71DDF4393005A4BBE /* Info.plist */ = {isa = PBXFileReference; lastKnownFileType = text.plist.xml; path = Info.plist; sourceTree = "<group>"; };
		F9C75CBD1DDF4493005A4BBE /* RecordWhistleViewController.swift */ = {isa = PBXFileReference; fileEncoding = 4; lastKnownFileType = sourcecode.swift; path = RecordWhistleViewController.swift; sourceTree = "<group>"; };
		F9FAB4811DE1FBD40065D332 /* ResultsViewController.swift */ = {isa = PBXFileReference; fileEncoding = 4; lastKnownFileType = sourcecode.swift; path = ResultsViewController.swift; sourceTree = "<group>"; };
		F9FAB4831DE2290C0065D332 /* MyGenresViewController.swift */ = {isa = PBXFileReference; fileEncoding = 4; lastKnownFileType = sourcecode.swift; path = MyGenresViewController.swift; sourceTree = "<group>"; };
/* End PBXFileReference section */

/* Begin PBXFrameworksBuildPhase section */
		F9C75CA51DDF4393005A4BBE /* Frameworks */ = {
			isa = PBXFrameworksBuildPhase;
			buildActionMask = 2147483647;
			files = (
				F9752D231DE0C671002EEF10 /* CloudKit.framework in Frameworks */,
			);
			runOnlyForDeploymentPostprocessing = 0;
		};
/* End PBXFrameworksBuildPhase section */

/* Begin PBXGroup section */
		F9752D211DE0C671002EEF10 /* Frameworks */ = {
			isa = PBXGroup;
			children = (
				F9752D221DE0C671002EEF10 /* CloudKit.framework */,
			);
			name = Frameworks;
			sourceTree = "<group>";
		};
		F9C75C9F1DDF4393005A4BBE = {
			isa = PBXGroup;
			children = (
				F91485F41DDFD61800D4BC78 /* SelectGenreViewController.swift */,
				F9C75CAA1DDF4393005A4BBE /* guess-the-tune */,
				F9C75CA91DDF4393005A4BBE /* Products */,
				F9752D211DE0C671002EEF10 /* Frameworks */,
			);
			sourceTree = "<group>";
		};
		F9C75CA91DDF4393005A4BBE /* Products */ = {
			isa = PBXGroup;
			children = (
				F9C75CA81DDF4393005A4BBE /* guess-the-tune.app */,
			);
			name = Products;
			sourceTree = "<group>";
		};
		F9C75CAA1DDF4393005A4BBE /* guess-the-tune */ = {
			isa = PBXGroup;
			children = (
				F9752D201DE0C660002EEF10 /* guess-the-tune.entitlements */,
				F9C75CAB1DDF4393005A4BBE /* AppDelegate.swift */,
				F9C75CAD1DDF4393005A4BBE /* ViewController.swift */,
				F9FAB4811DE1FBD40065D332 /* ResultsViewController.swift */,
				F9FAB4831DE2290C0065D332 /* MyGenresViewController.swift */,
				F9C75CBD1DDF4493005A4BBE /* RecordWhistleViewController.swift */,
				F9752D1C1DE0C3BC002EEF10 /* AddCommentsViewController.swift */,
				F9752D1E1DE0C4ED002EEF10 /* SubmitViewController.swift */,
				F9C75CAF1DDF4393005A4BBE /* Main.storyboard */,
				F99E5D1C1DE0D5E80082A28E /* Whistle.swift */,
				F9C75CB21DDF4393005A4BBE /* Assets.xcassets */,
				F9C75CB41DDF4393005A4BBE /* LaunchScreen.storyboard */,
				F9C75CB71DDF4393005A4BBE /* Info.plist */,
			);
			path = "guess-the-tune";
			sourceTree = "<group>";
		};
/* End PBXGroup section */

/* Begin PBXNativeTarget section */
		F9C75CA71DDF4393005A4BBE /* guess-the-tune */ = {
			isa = PBXNativeTarget;
			buildConfigurationList = F9C75CBA1DDF4393005A4BBE /* Build configuration list for PBXNativeTarget "guess-the-tune" */;
			buildPhases = (
				F9C75CA41DDF4393005A4BBE /* Sources */,
				F9C75CA51DDF4393005A4BBE /* Frameworks */,
				F9C75CA61DDF4393005A4BBE /* Resources */,
			);
			buildRules = (
			);
			dependencies = (
			);
			name = "guess-the-tune";
			productName = "guess-the-tune";
			productReference = F9C75CA81DDF4393005A4BBE /* guess-the-tune.app */;
			productType = "com.apple.product-type.application";
		};
/* End PBXNativeTarget section */

/* Begin PBXProject section */
		F9C75CA01DDF4393005A4BBE /* Project object */ = {
			isa = PBXProject;
			attributes = {
				LastSwiftUpdateCheck = 0810;
				LastUpgradeCheck = 0810;
				ORGANIZATIONNAME = "Adam Goth";
				TargetAttributes = {
					F9C75CA71DDF4393005A4BBE = {
						CreatedOnToolsVersion = 8.1;
						DevelopmentTeam = 98Q85W7SW2;
						ProvisioningStyle = Automatic;
						SystemCapabilities = {
							com.apple.Push = {
								enabled = 1;
							};
							com.apple.iCloud = {
								enabled = 1;
							};
						};
					};
				};
			};
			buildConfigurationList = F9C75CA31DDF4393005A4BBE /* Build configuration list for PBXProject "guess-the-tune" */;
			compatibilityVersion = "Xcode 3.2";
			developmentRegion = English;
			hasScannedForEncodings = 0;
			knownRegions = (
				en,
				Base,
			);
			mainGroup = F9C75C9F1DDF4393005A4BBE;
			productRefGroup = F9C75CA91DDF4393005A4BBE /* Products */;
			projectDirPath = "";
			projectRoot = "";
			targets = (
				F9C75CA71DDF4393005A4BBE /* guess-the-tune */,
			);
		};
/* End PBXProject section */

/* Begin PBXResourcesBuildPhase section */
		F9C75CA61DDF4393005A4BBE /* Resources */ = {
			isa = PBXResourcesBuildPhase;
			buildActionMask = 2147483647;
			files = (
				F9C75CB61DDF4393005A4BBE /* LaunchScreen.storyboard in Resources */,
				F9C75CB31DDF4393005A4BBE /* Assets.xcassets in Resources */,
				F9C75CB11DDF4393005A4BBE /* Main.storyboard in Resources */,
			);
			runOnlyForDeploymentPostprocessing = 0;
		};
/* End PBXResourcesBuildPhase section */

/* Begin PBXSourcesBuildPhase section */
		F9C75CA41DDF4393005A4BBE /* Sources */ = {
			isa = PBXSourcesBuildPhase;
			buildActionMask = 2147483647;
			files = (
				F9C75CAE1DDF4393005A4BBE /* ViewController.swift in Sources */,
				F9752D1D1DE0C3BC002EEF10 /* AddCommentsViewController.swift in Sources */,
				F9C75CAC1DDF4393005A4BBE /* AppDelegate.swift in Sources */,
				F91485F51DDFD61800D4BC78 /* SelectGenreViewController.swift in Sources */,
				F9FAB4841DE2290C0065D332 /* MyGenresViewController.swift in Sources */,
				F99E5D1D1DE0D5E80082A28E /* Whistle.swift in Sources */,
				F9752D1F1DE0C4ED002EEF10 /* SubmitViewController.swift in Sources */,
				F9C75CBE1DDF4493005A4BBE /* RecordWhistleViewController.swift in Sources */,
				F9FAB4821DE1FBD40065D332 /* ResultsViewController.swift in Sources */,
			);
			runOnlyForDeploymentPostprocessing = 0;
		};
/* End PBXSourcesBuildPhase section */

/* Begin PBXVariantGroup section */
		F9C75CAF1DDF4393005A4BBE /* Main.storyboard */ = {
			isa = PBXVariantGroup;
			children = (
				F9C75CB01DDF4393005A4BBE /* Base */,
			);
			name = Main.storyboard;
			sourceTree = "<group>";
		};
		F9C75CB41DDF4393005A4BBE /* LaunchScreen.storyboard */ = {
			isa = PBXVariantGroup;
			children = (
				F9C75CB51DDF4393005A4BBE /* Base */,
			);
			name = LaunchScreen.storyboard;
			sourceTree = "<group>";
		};
/* End PBXVariantGroup section */

/* Begin XCBuildConfiguration section */
		F9C75CB81DDF4393005A4BBE /* Debug */ = {
			isa = XCBuildConfiguration;
			buildSettings = {
				ALWAYS_SEARCH_USER_PATHS = NO;
				CLANG_ANALYZER_NONNULL = YES;
				CLANG_CXX_LANGUAGE_STANDARD = "gnu++0x";
				CLANG_CXX_LIBRARY = "libc++";
				CLANG_ENABLE_MODULES = YES;
				CLANG_ENABLE_OBJC_ARC = YES;
				CLANG_WARN_BOOL_CONVERSION = YES;
				CLANG_WARN_CONSTANT_CONVERSION = YES;
				CLANG_WARN_DIRECT_OBJC_ISA_USAGE = YES_ERROR;
				CLANG_WARN_DOCUMENTATION_COMMENTS = YES;
				CLANG_WARN_EMPTY_BODY = YES;
				CLANG_WARN_ENUM_CONVERSION = YES;
				CLANG_WARN_INFINITE_RECURSION = YES;
				CLANG_WARN_INT_CONVERSION = YES;
				CLANG_WARN_OBJC_ROOT_CLASS = YES_ERROR;
				CLANG_WARN_SUSPICIOUS_MOVES = YES;
				CLANG_WARN_UNREACHABLE_CODE = YES;
				CLANG_WARN__DUPLICATE_METHOD_MATCH = YES;
				"CODE_SIGN_IDENTITY[sdk=iphoneos*]" = "iPhone Developer";
				COPY_PHASE_STRIP = NO;
				DEBUG_INFORMATION_FORMAT = dwarf;
				ENABLE_STRICT_OBJC_MSGSEND = YES;
				ENABLE_TESTABILITY = YES;
				GCC_C_LANGUAGE_STANDARD = gnu99;
				GCC_DYNAMIC_NO_PIC = NO;
				GCC_NO_COMMON_BLOCKS = YES;
				GCC_OPTIMIZATION_LEVEL = 0;
				GCC_PREPROCESSOR_DEFINITIONS = (
					"DEBUG=1",
					"$(inherited)",
				);
				GCC_WARN_64_TO_32_BIT_CONVERSION = YES;
				GCC_WARN_ABOUT_RETURN_TYPE = YES_ERROR;
				GCC_WARN_UNDECLARED_SELECTOR = YES;
				GCC_WARN_UNINITIALIZED_AUTOS = YES_AGGRESSIVE;
				GCC_WARN_UNUSED_FUNCTION = YES;
				GCC_WARN_UNUSED_VARIABLE = YES;
				IPHONEOS_DEPLOYMENT_TARGET = 10.1;
				MTL_ENABLE_DEBUG_INFO = YES;
				ONLY_ACTIVE_ARCH = YES;
				SDKROOT = iphoneos;
				SWIFT_ACTIVE_COMPILATION_CONDITIONS = DEBUG;
				SWIFT_OPTIMIZATION_LEVEL = "-Onone";
			};
			name = Debug;
		};
		F9C75CB91DDF4393005A4BBE /* Release */ = {
			isa = XCBuildConfiguration;
			buildSettings = {
				ALWAYS_SEARCH_USER_PATHS = NO;
				CLANG_ANALYZER_NONNULL = YES;
				CLANG_CXX_LANGUAGE_STANDARD = "gnu++0x";
				CLANG_CXX_LIBRARY = "libc++";
				CLANG_ENABLE_MODULES = YES;
				CLANG_ENABLE_OBJC_ARC = YES;
				CLANG_WARN_BOOL_CONVERSION = YES;
				CLANG_WARN_CONSTANT_CONVERSION = YES;
				CLANG_WARN_DIRECT_OBJC_ISA_USAGE = YES_ERROR;
				CLANG_WARN_DOCUMENTATION_COMMENTS = YES;
				CLANG_WARN_EMPTY_BODY = YES;
				CLANG_WARN_ENUM_CONVERSION = YES;
				CLANG_WARN_INFINITE_RECURSION = YES;
				CLANG_WARN_INT_CONVERSION = YES;
				CLANG_WARN_OBJC_ROOT_CLASS = YES_ERROR;
				CLANG_WARN_SUSPICIOUS_MOVES = YES;
				CLANG_WARN_UNREACHABLE_CODE = YES;
				CLANG_WARN__DUPLICATE_METHOD_MATCH = YES;
				"CODE_SIGN_IDENTITY[sdk=iphoneos*]" = "iPhone Developer";
				COPY_PHASE_STRIP = NO;
				DEBUG_INFORMATION_FORMAT = "dwarf-with-dsym";
				ENABLE_NS_ASSERTIONS = NO;
				ENABLE_STRICT_OBJC_MSGSEND = YES;
				GCC_C_LANGUAGE_STANDARD = gnu99;
				GCC_NO_COMMON_BLOCKS = YES;
				GCC_WARN_64_TO_32_BIT_CONVERSION = YES;
				GCC_WARN_ABOUT_RETURN_TYPE = YES_ERROR;
				GCC_WARN_UNDECLARED_SELECTOR = YES;
				GCC_WARN_UNINITIALIZED_AUTOS = YES_AGGRESSIVE;
				GCC_WARN_UNUSED_FUNCTION = YES;
				GCC_WARN_UNUSED_VARIABLE = YES;
				IPHONEOS_DEPLOYMENT_TARGET = 10.1;
				MTL_ENABLE_DEBUG_INFO = NO;
				SDKROOT = iphoneos;
				SWIFT_OPTIMIZATION_LEVEL = "-Owholemodule";
				VALIDATE_PRODUCT = YES;
			};
			name = Release;
		};
		F9C75CBB1DDF4393005A4BBE /* Debug */ = {
			isa = XCBuildConfiguration;
			buildSettings = {
				ASSETCATALOG_COMPILER_APPICON_NAME = AppIcon;
				CODE_SIGN_ENTITLEMENTS = "guess-the-tune/guess-the-tune.entitlements";
				DEVELOPMENT_TEAM = 98Q85W7SW2;
				INFOPLIST_FILE = "guess-the-tune/Info.plist";
				LD_RUNPATH_SEARCH_PATHS = "$(inherited) @executable_path/Frameworks";
				PRODUCT_BUNDLE_IDENTIFIER = "com.adamgoth.guess-the-tune";
				PRODUCT_NAME = "$(TARGET_NAME)";
				SWIFT_VERSION = 3.0;
			};
			name = Debug;
		};
		F9C75CBC1DDF4393005A4BBE /* Release */ = {
			isa = XCBuildConfiguration;
			buildSettings = {
				ASSETCATALOG_COMPILER_APPICON_NAME = AppIcon;
				CODE_SIGN_ENTITLEMENTS = "guess-the-tune/guess-the-tune.entitlements";
				DEVELOPMENT_TEAM = 98Q85W7SW2;
				INFOPLIST_FILE = "guess-the-tune/Info.plist";
				LD_RUNPATH_SEARCH_PATHS = "$(inherited) @executable_path/Frameworks";
				PRODUCT_BUNDLE_IDENTIFIER = "com.adamgoth.guess-the-tune";
				PRODUCT_NAME = "$(TARGET_NAME)";
				SWIFT_VERSION = 3.0;
			};
			name = Release;
		};
/* End XCBuildConfiguration section */

/* Begin XCConfigurationList section */
		F9C75CA31DDF4393005A4BBE /* Build configuration list for PBXProject "guess-the-tune" */ = {
			isa = XCConfigurationList;
			buildConfigurations = (
				F9C75CB81DDF4393005A4BBE /* Debug */,
				F9C75CB91DDF4393005A4BBE /* Release */,
			);
			defaultConfigurationIsVisible = 0;
			defaultConfigurationName = Release;
		};
		F9C75CBA1DDF4393005A4BBE /* Build configuration list for PBXNativeTarget "guess-the-tune" */ = {
			isa = XCConfigurationList;
			buildConfigurations = (
				F9C75CBB1DDF4393005A4BBE /* Debug */,
				F9C75CBC1DDF4393005A4BBE /* Release */,
			);
			defaultConfigurationIsVisible = 0;
			defaultConfigurationName = Release;
		};
/* End XCConfigurationList section */
	};
	rootObject = F9C75CA01DDF4393005A4BBE /* Project object */;
}
